<?xml version="1.0" encoding="utf-8"?>
<Project ToolsVersion="4.0" xmlns="http://schemas.microsoft.com/developer/msbuild/2003">
  <ItemGroup>
    <ClCompile Include="Interface\plugin_impl.cpp">
      <Filter>interface</Filter>
    </ClCompile>
    <ClCompile Include="plugin_reg.cpp">
      <Filter>registration</Filter>
    </ClCompile>
    <ClCompile Include="StdAfx.cpp">
      <Filter>registration</Filter>
    </ClCompile>
    <ClCompile Include="dllmain.cpp">
      <Filter>registration</Filter>
    </ClCompile>
    <ClCompile Include="interface\plugin_info.cpp">
      <Filter>interface</Filter>
    </ClCompile>
    <ClCompile Include="dewesoft_bridge.cpp" />
    <ClCompile Include="ui\settings_window.cpp">
      <Filter>ui\settings</Filter>
    </ClCompile>
    <ClCompile Include="ui\setup_window.cpp">
      <Filter>ui\setup</Filter>
    </ClCompile>
    <ClCompile Include="ui\modal_window.cpp">
      <Filter>ui\modal</Filter>
    </ClCompile>
    <ClCompile Include="Generated\TypeLib_i.c">
      <Filter>generated</Filter>
    </ClCompile>
  </ItemGroup>
  <ItemGroup>
    <ClInclude Include="Resource.h">
      <Filter>registration</Filter>
    </ClInclude>
    <ClInclude Include="Interface\plugin_impl.h">
      <Filter>interface</Filter>
    </ClInclude>
    <ClInclude Include="plugin_reg.h">
      <Filter>registration</Filter>
    </ClInclude>
    <ClInclude Include="StdAfx.h">
      <Filter>registration</Filter>
    </ClInclude>
    <ClInclude Include="dewesoft_bridge.h" />
    <ClInclude Include="ui\settings_window.h">
      <Filter>ui\settings</Filter>
    </ClInclude>
    <ClInclude Include="ui\setup_window.h">
      <Filter>ui\setup</Filter>
    </ClInclude>
    <ClInclude Include="ui\setup_window.h">
      <Filter>ui\setup</Filter>
    </ClInclude>
    <ClInclude Include="ui\modal_window.h">
      <Filter>ui\modal</Filter>
    </ClInclude>
    <ClInclude Include="Generated\TypeLib_h.h">
      <Filter>generated</Filter>
    </ClInclude>
  </ItemGroup>
  <ItemGroup>
    <Filter Include="registration">
      <UniqueIdentifier>{35bc5510-bdd8-4494-85b2-01d9e0cf6e52}</UniqueIdentifier>
    </Filter>
    <Filter Include="interface">
      <UniqueIdentifier>{dd436f9f-1313-4fef-992c-ed77a51226be}</UniqueIdentifier>
    </Filter>
    <Filter Include="generated">
      <UniqueIdentifier>{10a47090-3669-4943-808c-99b0ebcec391}</UniqueIdentifier>
    </Filter>
    <Filter Include="ui">
      <UniqueIdentifier>{eab9c198-ed9e-48b9-b7c7-6e997b778eda}</UniqueIdentifier>
    </Filter>
    <Filter Include="ui\settings">
      <UniqueIdentifier>{4f8c21bf-d36a-45ae-8911-4f689e5c640e}</UniqueIdentifier>
    </Filter>
    <Filter Include="ui\setup">
      <UniqueIdentifier>{245d7fa2-396d-4c24-9570-3bf8d6a213df}</UniqueIdentifier>
    </Filter>
    <Filter Include="ui\modal">
      <UniqueIdentifier>{F30C7710-4AC7-4C3F-9BB7-9D3658BE1E5B}</UniqueIdentifier>
    </Filter>
  </ItemGroup>
  <ItemGroup>
    <Midl Include="TypeLib.idl">
      <Filter>registration</Filter>
    </Midl>
  </ItemGroup>
  <ItemGroup>
    <ResourceCompile Include="resources.rc">
      <Filter>registration</Filter>
    </ResourceCompile>
  </ItemGroup>
  <ItemGroup>
    <CustomBuild Include="version.rci">
      <Filter>registration</Filter>
    </CustomBuild>
  </ItemGroup>
  <ItemGroup>
    <None Include="PluginConfig.props">
      <Filter>registration</Filter>
    </None>
    <None Include="WebrelayControlPlugin.def" />
  </ItemGroup>
  <ItemGroup>
    <MUI Include="ui\settings_window.xml">
      <Filter>ui\settings</Filter>
    </MUI>
    <MUI Include="ui\setup_window.xml">
      <Filter>ui\setup</Filter>
    </MUI>
    <MUI Include="ui\modal_window.xml">
      <Filter>ui\modal</Filter>
    </MUI>
  </ItemGroup>
  <ItemGroup>
    <Image Include="icon.png" />
  </ItemGroup>
  <ItemGroup>
    <Xml Include="MUI-1.1.xsd" />
  </ItemGroup>
</Project>